
Microsoft Visual Studio Solution File, Format Version 12.00
# Visual Studio 2012
Project("{FAE04EC0-301F-11D3-BF4B-00C04F79EFBC}") = "GeneradorDeContrasenas", "test\GeneradorDeContrasenas.csproj", "{72FB0405-D449-4C2F-B76F-37B505648F24}"
EndProject
Global
	GlobalSection(SolutionConfigurationPlatforms) = preSolution
		Debug|Any CPU = Debug|Any CPU
		Release|Any CPU = Release|Any CPU
	EndGlobalSection
	GlobalSection(ProjectConfigurationPlatforms) = postSolution
		{72FB0405-D449-4C2F-B76F-37B505648F24}.Debug|Any CPU.ActiveCfg = Debug|Any CPU
		{72FB0405-D449-4C2F-B76F-37B505648F24}.Debug|Any CPU.Build.0 = Debug|Any CPU
		{72FB0405-D449-4C2F-B76F-37B505648F24}.Release|Any CPU.ActiveCfg = Release|Any CPU
		{72FB0405-D449-4C2F-B76F-37B505648F24}.Release|Any CPU.Build.0 = Release|Any CPU
	EndGlobalSection
EndGlobal
